
Microsoft Visual Studio Solution File, Format Version 12.00
# Visual Studio Version 17
VisualStudioVersion = 17.3.32922.545
MinimumVisualStudioVersion = 10.0.40219.1
Project("{FAE04EC0-301F-11D3-BF4B-00C04F79EFBC}") = "File", "File.csproj", "{46ABCB85-DF00-4BF1-BF4B-7FCE8C135056}"
EndProject
Global
	GlobalSection(SolutionConfigurationPlatforms) = preSolution
		Debug|Any CPU = Debug|Any CPU
		Release|Any CPU = Release|Any CPU
	EndGlobalSection
	GlobalSection(ProjectConfigurationPlatforms) = postSolution
		{46ABCB85-DF00-4BF1-BF4B-7FCE8C135056}.Debug|Any CPU.ActiveCfg = Debug|Any CPU
		{46ABCB85-DF00-4BF1-BF4B-7FCE8C135056}.Debug|Any CPU.Build.0 = Debug|Any CPU
		{46ABCB85-DF00-4BF1-BF4B-7FCE8C135056}.Release|Any CPU.ActiveCfg = Release|Any CPU
		{46ABCB85-DF00-4BF1-BF4B-7FCE8C135056}.Release|Any CPU.Build.0 = Release|Any CPU
	EndGlobalSection
	GlobalSection(SolutionProperties) = preSolution
		HideSolutionNode = FALSE
	EndGlobalSection
	GlobalSection(ExtensibilityGlobals) = postSolution
		SolutionGuid = {75A495DF-DF2E-4F2E-B176-EE8BD7A1DD96}
	EndGlobalSection
EndGlobal
